// !$*UTF8*$!
{
	archiveVersion = 1;
	classes = {
	};
	objectVersion = 77;
	objects = {

/* Begin PBXBuildFile section */
		03EC79C73AD3CEA674FB1445 /* HistoryStore.swift in Sources */ = {isa = PBXBuildFile; fileRef = F598AC90045D4ECF6A978FEF /* HistoryStore.swift */; };
		067D3ECE0A69B3F33946194D /* WorkLogView.swift in Sources */ = {isa = PBXBuildFile; fileRef = 212A554E2399C022A057E3D4 /* WorkLogView.swift */; };
		09CF7407F06F28202E487462 /* DoViewModel.swift in Sources */ = {isa = PBXBuildFile; fileRef = 3DDB602B846EE84FE42E451E /* DoViewModel.swift */; };
		10305D3A8566A8BB2471D2A4 /* WorkItem.swift in Sources */ = {isa = PBXBuildFile; fileRef = 60907D7EC6CECAD09F3785C0 /* WorkItem.swift */; };
		146C38DC576E2EB632AA5CF0 /* ChatView.swift in Sources */ = {isa = PBXBuildFile; fileRef = 3743A8B5A8F2BE869F0343E5 /* ChatView.swift */; };
		14E6666F1D352CEAC9D0456E /* PanelSidebar.swift in Sources */ = {isa = PBXBuildFile; fileRef = 584BA80A94447E11468961FD /* PanelSidebar.swift */; };
		1825304B635CAA0C9E2D867F /* Attachment+AppKit.swift in Sources */ = {isa = PBXBuildFile; fileRef = 76274726958AE5C36B6AC0B5 /* Attachment+AppKit.swift */; };
		19525F5C6A412974C104EE6F /* PullRequest.swift in Sources */ = {isa = PBXBuildFile; fileRef = ECEC7E214884ADE991FEBB63 /* PullRequest.swift */; };
		19995B918BCCADB57F626B12 /* AppSettings.swift in Sources */ = {isa = PBXBuildFile; fileRef = B8673CCE45ECC5F8DD4FB2F8 /* AppSettings.swift */; };
		19C9F6D85879AF6FE6299FDA /* Pipeline.swift in Sources */ = {isa = PBXBuildFile; fileRef = 2A267C3C5EF1066D16826CA8 /* Pipeline.swift */; };
		1B90789F6315B158641657D1 /* GoalStore.swift in Sources */ = {isa = PBXBuildFile; fileRef = AE43C962577EBC6B576F3AC0 /* GoalStore.swift */; };
		1BD52E52CE5AC31258FF66CD /* PipelineAction.swift in Sources */ = {isa = PBXBuildFile; fileRef = 304C34344F48BD99E3B1E19F /* PipelineAction.swift */; };
		216ED3F039A732943119F1B8 /* MarkdownLintTests.swift in Sources */ = {isa = PBXBuildFile; fileRef = 01BEA31CD84A4FEC595CF0E0 /* MarkdownLintTests.swift */; };
		223F3D73BAAFBEB978332DF7 /* GoogleOAuth.swift in Sources */ = {isa = PBXBuildFile; fileRef = D4454B959A3E129D68B60A48 /* GoogleOAuth.swift */; };
		2307134B590D569C23CDA014 /* PKCE.swift in Sources */ = {isa = PBXBuildFile; fileRef = 8FE2BE89827B69CB8810ED90 /* PKCE.swift */; };
		24DCBC6420DBD1C3035066D0 /* BuiltinActions.swift in Sources */ = {isa = PBXBuildFile; fileRef = 4D4A5F4FE9A82E9E6B84B1D1 /* BuiltinActions.swift */; };
		291064C93540929130EB50FF /* GoalDoc.swift in Sources */ = {isa = PBXBuildFile; fileRef = F5907ACC57D6A9F607140EA2 /* GoalDoc.swift */; };
		38FB8BE9EE5B9462670FCCB3 /* DoModel.swift in Sources */ = {isa = PBXBuildFile; fileRef = A48DDBAD78C16C718439A964 /* DoModel.swift */; };
		39D57155CF6966C808689D94 /* Assets.xcassets in Resources */ = {isa = PBXBuildFile; fileRef = C0BC36FC5E119006A965686E /* Assets.xcassets */; };
		3C062D49A79C44E3423CB3EC /* MiddleClickPasteManager.swift in Sources */ = {isa = PBXBuildFile; fileRef = 3EAA739E5D9930D17E55376C /* MiddleClickPasteManager.swift */; };
		3C37F1672D96FD7F9FC6D41C /* PipelineParser.swift in Sources */ = {isa = PBXBuildFile; fileRef = 4A2F991A07308DE37AEDB329 /* PipelineParser.swift */; };
		40F5C9585B7DA82FBF8FE31B /* ConversationStore.swift in Sources */ = {isa = PBXBuildFile; fileRef = 866890AB80CBCD0C2B1C2E96 /* ConversationStore.swift */; };
		43269FE26BD3EC1A4D306903 /* houmaoApp.swift in Sources */ = {isa = PBXBuildFile; fileRef = 2C9AEEE5D5E88D810CC2F4E7 /* houmaoApp.swift */; };
		45BB71A6A1FCC011DB16DCF3 /* DriveSyncService.swift in Sources */ = {isa = PBXBuildFile; fileRef = 9AA706AC6792CC4A0F598242 /* DriveSyncService.swift */; };
		467DB8A781549DF107ED7F84 /* PullRequestProvider.swift in Sources */ = {isa = PBXBuildFile; fileRef = D9455B3DDA0038D2AEFD01BA /* PullRequestProvider.swift */; };
		48548AA7258DA25481EC0C04 /* GoogleAuthTests.swift in Sources */ = {isa = PBXBuildFile; fileRef = 8B81BFC7008DECB0341CF0F7 /* GoogleAuthTests.swift */; };
		489DBD824B8D8BEA8C368FC3 /* MailProvider.swift in Sources */ = {isa = PBXBuildFile; fileRef = D294FA5BEF072740B48A5A69 /* MailProvider.swift */; };
		4A4D01C514A8F3C4049B7401 /* AiTxtClient.swift in Sources */ = {isa = PBXBuildFile; fileRef = 08126500EB5DAEF6E3EA0261 /* AiTxtClient.swift */; };
		4DC903D4DC0CF422B37647D4 /* KeychainStore.swift in Sources */ = {isa = PBXBuildFile; fileRef = E99D44385EF33EF2316E4ADA /* KeychainStore.swift */; };
		510D19CDB94F4643747B3C60 /* MailViewModel.swift in Sources */ = {isa = PBXBuildFile; fileRef = 0DF08D164A5D2EA8C9127D54 /* MailViewModel.swift */; };
		51B22447BCA96ED141D2470F /* houmaoTests.swift in Sources */ = {isa = PBXBuildFile; fileRef = 8EA7A5A5E39D28783CD88CEA /* houmaoTests.swift */; };
		53E52E2A56CCDEDAFEDCF4B6 /* GoalsView.swift in Sources */ = {isa = PBXBuildFile; fileRef = F374AC073507B5ED713A7A0B /* GoalsView.swift */; };
		5492E428FCF6FAD98F5554B8 /* WorkLogProvider.swift in Sources */ = {isa = PBXBuildFile; fileRef = B1912DF7CB1638390B2B527F /* WorkLogProvider.swift */; };
		566374327CAD5963BE0CF28D /* CommandPalette.swift in Sources */ = {isa = PBXBuildFile; fileRef = 76B07C000D46A18AC74908A8 /* CommandPalette.swift */; };
		5808D1A4CE77A91F5B40E3FA /* GoalStoreTests.swift in Sources */ = {isa = PBXBuildFile; fileRef = D183538AC21F5B9616795BCB /* GoalStoreTests.swift */; };
		5A6C6C32968E7A922C953FA0 /* MarkdownView.swift in Sources */ = {isa = PBXBuildFile; fileRef = 5BF08A509F2FFE9FEE779D39 /* MarkdownView.swift */; };
		5A7AE58EBAE004BB530D8F11 /* Issue.swift in Sources */ = {isa = PBXBuildFile; fileRef = C8A9D4BE88C04C4910EDB300 /* Issue.swift */; };
		6080F1F56A8D693403F8CA75 /* MailView.swift in Sources */ = {isa = PBXBuildFile; fileRef = 3A898812C4E745A5A78DA3D1 /* MailView.swift */; };
		66AF29D4489C1F7D925C3279 /* Theme.swift in Sources */ = {isa = PBXBuildFile; fileRef = D0ACFAC2F8E8BEF91D60F434 /* Theme.swift */; };
		66B77BCF21C91F327B06BB07 /* UsageTracker.swift in Sources */ = {isa = PBXBuildFile; fileRef = 5DEA0EA2BAF153958FC236CB /* UsageTracker.swift */; };
		67770692576258B01B0A7366 /* PipelineParserTests.swift in Sources */ = {isa = PBXBuildFile; fileRef = 1463CB9916AB39A21F23ECAA /* PipelineParserTests.swift */; };
		6C057AA5E9D3A3A9D7F9AFED /* Attachment.swift in Sources */ = {isa = PBXBuildFile; fileRef = 16A32AF2D3C92FD4642119D6 /* Attachment.swift */; };
		720B6BF62E68556D13CB61E0 /* GlobalHotKeyManager.swift in Sources */ = {isa = PBXBuildFile; fileRef = 6E00EBE3D61489D710C85775 /* GlobalHotKeyManager.swift */; };
		7BCC7378EFB78D96135F32DD /* mermaid.min.js in Resources */ = {isa = PBXBuildFile; fileRef = B6FBBF210405FD2A93700550 /* mermaid.min.js */; };
		7E06D06B246B6D758C185C38 /* MailGroupingTests.swift in Sources */ = {isa = PBXBuildFile; fileRef = 0AE08487E764F95B66219AEB /* MailGroupingTests.swift */; };
		83909B786E4D1134A3537B78 /* GoalsViewModel.swift in Sources */ = {isa = PBXBuildFile; fileRef = 652BE0188586A29CB70DCE38 /* GoalsViewModel.swift */; };
		83F29FDF19F7A66C98656C38 /* WorkLogStore.swift in Sources */ = {isa = PBXBuildFile; fileRef = 6B798C8A57348F83A7D69021 /* WorkLogStore.swift */; };
		86152D287A639E44D19E8D75 /* HistoryViewModel.swift in Sources */ = {isa = PBXBuildFile; fileRef = 28F2FF595A63FBBFCE32E347 /* HistoryViewModel.swift */; };
		883DAB948F62AD5BD468436D /* PRViewModel.swift in Sources */ = {isa = PBXBuildFile; fileRef = E24D96DD2B2427B4C062FF2B /* PRViewModel.swift */; };
		8C4AE05803D40E41CAC8831D /* SelectToCopyManager.swift in Sources */ = {isa = PBXBuildFile; fileRef = 410FF4A6A10475DBEC89ECF4 /* SelectToCopyManager.swift */; };
		8E10C6E4356EA19E054822D8 /* CommandHistory.swift in Sources */ = {isa = PBXBuildFile; fileRef = 0F4B902B3D042810487E0B2F /* CommandHistory.swift */; };
		8F1FEBBA064AF43072562A25 /* IssueAnalyzer.swift in Sources */ = {isa = PBXBuildFile; fileRef = 862143F6F82F5ABC375AD59C /* IssueAnalyzer.swift */; };
		90F435AAD65A1A6EFE4AE797 /* WorkLogStoreTests.swift in Sources */ = {isa = PBXBuildFile; fileRef = 1CCAD54AD48B9B7247363A9E /* WorkLogStoreTests.swift */; };
		9ECC92EB82D4341BB61401DA /* IMETextField.swift in Sources */ = {isa = PBXBuildFile; fileRef = CF1E2ACA41DCEED508C09B0F /* IMETextField.swift */; };
		9FDCD38EBDB4210CA731E6D8 /* MainViewModel.swift in Sources */ = {isa = PBXBuildFile; fileRef = 31DADFF4D45E07705B344E48 /* MainViewModel.swift */; };
		A2A78E52D199EBDB29AFCC07 /* MarkdownEditorView.swift in Sources */ = {isa = PBXBuildFile; fileRef = AFD4E59ACAF55DEB8DDCF684 /* MarkdownEditorView.swift */; };
		A3C3D1FF66B9D838943E282F /* PipelineRunner.swift in Sources */ = {isa = PBXBuildFile; fileRef = 26A46DDBD2FAFB7BCD7D2052 /* PipelineRunner.swift */; };
		A3F3D323A860BB6F2F4B2DE7 /* GoogleDriveClient.swift in Sources */ = {isa = PBXBuildFile; fileRef = 9322360092582E2D57E0A8EA /* GoogleDriveClient.swift */; };
		AECB395DA8A3BE73BAE85940 /* IssueView.swift in Sources */ = {isa = PBXBuildFile; fileRef = 9702C3846547B34B062749E2 /* IssueView.swift */; };
		BBC8AD771EC5E1307BD9ADE8 /* DoStoreTests.swift in Sources */ = {isa = PBXBuildFile; fileRef = B7446DD4F007CB7535C445E4 /* DoStoreTests.swift */; };
		C37CC0717D7D7421F9FD869A /* Conversation.swift in Sources */ = {isa = PBXBuildFile; fileRef = E57CA19726AD9EFFBBB555B3 /* Conversation.swift */; };
		C3BA07A77644BACB8E21A081 /* ChatStore.swift in Sources */ = {isa = PBXBuildFile; fileRef = 5E94C815AAEDD8E48836C96E /* ChatStore.swift */; };
		C9D87A691B28302C40BF103A /* IssueViewModel.swift in Sources */ = {isa = PBXBuildFile; fileRef = AA74CC29AAEB1E1C6F8B8E3C /* IssueViewModel.swift */; };
		CAE8880B5D80A8AC100228C2 /* SettingsView.swift in Sources */ = {isa = PBXBuildFile; fileRef = 75259439A55CE9D1A9179843 /* SettingsView.swift */; };
		D07C2B26D7B703F84593C50D /* GmailProvider.swift in Sources */ = {isa = PBXBuildFile; fileRef = 1D9F37F0171267C0C74A5BE5 /* GmailProvider.swift */; };
		D23123A0AE23E2F18E0D45A1 /* houmaoUITestsLaunchTests.swift in Sources */ = {isa = PBXBuildFile; fileRef = 8482DAE51378989DE1B24152 /* houmaoUITestsLaunchTests.swift */; };
		D33C6358E4575392165EF1F0 /* MailMessage.swift in Sources */ = {isa = PBXBuildFile; fileRef = AA4D01DBF553FC3A1D20709F /* MailMessage.swift */; };
		D37FE5894F41C5554A23FBB9 /* WorkLogViewModel.swift in Sources */ = {isa = PBXBuildFile; fileRef = 7912DE04AE475850CC102B7A /* WorkLogViewModel.swift */; };
		D4A8EB492FDE1314B24B0502 /* MermaidView.swift in Sources */ = {isa = PBXBuildFile; fileRef = 6357EAD0D83E7206BE088B1E /* MermaidView.swift */; };
		D51E182E30B4A8A52AC8176D /* LoopbackAuthReceiver.swift in Sources */ = {isa = PBXBuildFile; fileRef = 6CCB93719A995CD96D314473 /* LoopbackAuthReceiver.swift */; };
		D5E3519D846F8C01540F5659 /* ChatStoreTests.swift in Sources */ = {isa = PBXBuildFile; fileRef = D19148038642034373C73C39 /* ChatStoreTests.swift */; };
		DB3E772578359D1761A17CE5 /* GoogleAuthProvider.swift in Sources */ = {isa = PBXBuildFile; fileRef = 9F3002824A3E520F4E31E75A /* GoogleAuthProvider.swift */; };
		DF5A8B48A7E21CC043964C40 /* MailGrouping.swift in Sources */ = {isa = PBXBuildFile; fileRef = 619FF54E8FF017D104ECBFEF /* MailGrouping.swift */; };
		DF8347BE6F6CD2E8416A4668 /* TextClustering.swift in Sources */ = {isa = PBXBuildFile; fileRef = CDFCF205D358DA2ADF1105B2 /* TextClustering.swift */; };
		E0508EFE430B2A031BE608FC /* NoteWriting.swift in Sources */ = {isa = PBXBuildFile; fileRef = 3484CCD82163FE37FE0A3078 /* NoteWriting.swift */; };
		E1541F22D20877460D696EB9 /* MarkdownParserTests.swift in Sources */ = {isa = PBXBuildFile; fileRef = B7AB34ACA01BB70F852F37F3 /* MarkdownParserTests.swift */; };
		E4F9996F92142CAD1E9E7639 /* PRView.swift in Sources */ = {isa = PBXBuildFile; fileRef = D1E1C6995CBCF2A576AFAF5A /* PRView.swift */; };
		E6307AAEE5E78BF7E137AF9D /* DoStore.swift in Sources */ = {isa = PBXBuildFile; fileRef = AF770DEDDD5BFF9DB5667622 /* DoStore.swift */; };
		E9B766D322AA9E214006F364 /* DoView.swift in Sources */ = {isa = PBXBuildFile; fileRef = 75656A1E45DD56E213B78B7A /* DoView.swift */; };
		EF957138A8BB21781964CC02 /* TextClusteringTests.swift in Sources */ = {isa = PBXBuildFile; fileRef = 3F0C55C88E57A6F6BC2D2641 /* TextClusteringTests.swift */; };
		F4445288DDD0A3A2ACA2CDC6 /* MarkdownLint.swift in Sources */ = {isa = PBXBuildFile; fileRef = 602B51DB006F185A0CC211BF /* MarkdownLint.swift */; };
		F46213BE55659AC254D5DA13 /* Message.swift in Sources */ = {isa = PBXBuildFile; fileRef = 97C554DC6180330C830A49B6 /* Message.swift */; };
		F796883257E05BF2207103FE /* houmaoUITests.swift in Sources */ = {isa = PBXBuildFile; fileRef = AC6A21B56C31A9618F79441D /* houmaoUITests.swift */; };
		F91C0061C677A89D66AD3817 /* MainView.swift in Sources */ = {isa = PBXBuildFile; fileRef = FD58C3AFB563B123BF6B396A /* MainView.swift */; };
		FABDF015DB6FD14520C41E4F /* ChatModeTests.swift in Sources */ = {isa = PBXBuildFile; fileRef = 03D9C94B2FABF2B254493D98 /* ChatModeTests.swift */; };
		FD7555E3682E22A7DFE88344 /* IssueProvider.swift in Sources */ = {isa = PBXBuildFile; fileRef = 51D91A7B9B3204F8D1766FB0 /* IssueProvider.swift */; };
		FF55E3E733966FAFC6B86BA1 /* GitHubCLI.swift in Sources */ = {isa = PBXBuildFile; fileRef = 16E13EA63341BD90F98E4DB3 /* GitHubCLI.swift */; };
/* End PBXBuildFile section */

/* Begin PBXContainerItemProxy section */
		2D4B532D496EB046C909EE78 /* PBXContainerItemProxy */ = {
			isa = PBXContainerItemProxy;
			containerPortal = EBE60E5A67FD6FB311327289 /* Project object */;
			proxyType = 1;
			remoteGlobalIDString = 1E215E7B22EB14CE04210641;
			remoteInfo = houmao;
		};
		49AA07C1DB5C22AEEE8070CB /* PBXContainerItemProxy */ = {
			isa = PBXContainerItemProxy;
			containerPortal = EBE60E5A67FD6FB311327289 /* Project object */;
			proxyType = 1;
			remoteGlobalIDString = 1E215E7B22EB14CE04210641;
			remoteInfo = houmao;
		};
/* End PBXContainerItemProxy section */

/* Begin PBXFileReference section */
		01BEA31CD84A4FEC595CF0E0 /* MarkdownLintTests.swift */ = {isa = PBXFileReference; lastKnownFileType = sourcecode.swift; path = MarkdownLintTests.swift; sourceTree = "<group>"; };
		03D9C94B2FABF2B254493D98 /* ChatModeTests.swift */ = {isa = PBXFileReference; lastKnownFileType = sourcecode.swift; path = ChatModeTests.swift; sourceTree = "<group>"; };
		08126500EB5DAEF6E3EA0261 /* AiTxtClient.swift */ = {isa = PBXFileReference; lastKnownFileType = sourcecode.swift; path = AiTxtClient.swift; sourceTree = "<group>"; };
		0AE08487E764F95B66219AEB /* MailGroupingTests.swift */ = {isa = PBXFileReference; lastKnownFileType = sourcecode.swift; path = MailGroupingTests.swift; sourceTree = "<group>"; };
		0DF08D164A5D2EA8C9127D54 /* MailViewModel.swift */ = {isa = PBXFileReference; lastKnownFileType = sourcecode.swift; path = MailViewModel.swift; sourceTree = "<group>"; };
		0F4B902B3D042810487E0B2F /* CommandHistory.swift */ = {isa = PBXFileReference; lastKnownFileType = sourcecode.swift; path = CommandHistory.swift; sourceTree = "<group>"; };
		1463CB9916AB39A21F23ECAA /* PipelineParserTests.swift */ = {isa = PBXFileReference; lastKnownFileType = sourcecode.swift; path = PipelineParserTests.swift; sourceTree = "<group>"; };
		16A32AF2D3C92FD4642119D6 /* Attachment.swift */ = {isa = PBXFileReference; lastKnownFileType = sourcecode.swift; path = Attachment.swift; sourceTree = "<group>"; };
		16E13EA63341BD90F98E4DB3 /* GitHubCLI.swift */ = {isa = PBXFileReference; lastKnownFileType = sourcecode.swift; path = GitHubCLI.swift; sourceTree = "<group>"; };
		1CCAD54AD48B9B7247363A9E /* WorkLogStoreTests.swift */ = {isa = PBXFileReference; lastKnownFileType = sourcecode.swift; path = WorkLogStoreTests.swift; sourceTree = "<group>"; };
		1D9F37F0171267C0C74A5BE5 /* GmailProvider.swift */ = {isa = PBXFileReference; lastKnownFileType = sourcecode.swift; path = GmailProvider.swift; sourceTree = "<group>"; };
		212A554E2399C022A057E3D4 /* WorkLogView.swift */ = {isa = PBXFileReference; lastKnownFileType = sourcecode.swift; path = WorkLogView.swift; sourceTree = "<group>"; };
		26A46DDBD2FAFB7BCD7D2052 /* PipelineRunner.swift */ = {isa = PBXFileReference; lastKnownFileType = sourcecode.swift; path = PipelineRunner.swift; sourceTree = "<group>"; };
		28F2FF595A63FBBFCE32E347 /* HistoryViewModel.swift */ = {isa = PBXFileReference; lastKnownFileType = sourcecode.swift; path = HistoryViewModel.swift; sourceTree = "<group>"; };
		2A267C3C5EF1066D16826CA8 /* Pipeline.swift */ = {isa = PBXFileReference; lastKnownFileType = sourcecode.swift; path = Pipeline.swift; sourceTree = "<group>"; };
		2C9AEEE5D5E88D810CC2F4E7 /* houmaoApp.swift */ = {isa = PBXFileReference; lastKnownFileType = sourcecode.swift; path = houmaoApp.swift; sourceTree = "<group>"; };
		304C34344F48BD99E3B1E19F /* PipelineAction.swift */ = {isa = PBXFileReference; lastKnownFileType = sourcecode.swift; path = PipelineAction.swift; sourceTree = "<group>"; };
		31DADFF4D45E07705B344E48 /* MainViewModel.swift */ = {isa = PBXFileReference; lastKnownFileType = sourcecode.swift; path = MainViewModel.swift; sourceTree = "<group>"; };
		3484CCD82163FE37FE0A3078 /* NoteWriting.swift */ = {isa = PBXFileReference; lastKnownFileType = sourcecode.swift; path = NoteWriting.swift; sourceTree = "<group>"; };
		3743A8B5A8F2BE869F0343E5 /* ChatView.swift */ = {isa = PBXFileReference; lastKnownFileType = sourcecode.swift; path = ChatView.swift; sourceTree = "<group>"; };
		3A898812C4E745A5A78DA3D1 /* MailView.swift */ = {isa = PBXFileReference; lastKnownFileType = sourcecode.swift; path = MailView.swift; sourceTree = "<group>"; };
		3DDB602B846EE84FE42E451E /* DoViewModel.swift */ = {isa = PBXFileReference; lastKnownFileType = sourcecode.swift; path = DoViewModel.swift; sourceTree = "<group>"; };
		3EAA739E5D9930D17E55376C /* MiddleClickPasteManager.swift */ = {isa = PBXFileReference; lastKnownFileType = sourcecode.swift; path = MiddleClickPasteManager.swift; sourceTree = "<group>"; };
		3F0C55C88E57A6F6BC2D2641 /* TextClusteringTests.swift */ = {isa = PBXFileReference; lastKnownFileType = sourcecode.swift; path = TextClusteringTests.swift; sourceTree = "<group>"; };
		410FF4A6A10475DBEC89ECF4 /* SelectToCopyManager.swift */ = {isa = PBXFileReference; lastKnownFileType = sourcecode.swift; path = SelectToCopyManager.swift; sourceTree = "<group>"; };
		4A2F991A07308DE37AEDB329 /* PipelineParser.swift */ = {isa = PBXFileReference; lastKnownFileType = sourcecode.swift; path = PipelineParser.swift; sourceTree = "<group>"; };
		4D4A5F4FE9A82E9E6B84B1D1 /* BuiltinActions.swift */ = {isa = PBXFileReference; lastKnownFileType = sourcecode.swift; path = BuiltinActions.swift; sourceTree = "<group>"; };
		51D91A7B9B3204F8D1766FB0 /* IssueProvider.swift */ = {isa = PBXFileReference; lastKnownFileType = sourcecode.swift; path = IssueProvider.swift; sourceTree = "<group>"; };
		584BA80A94447E11468961FD /* PanelSidebar.swift */ = {isa = PBXFileReference; lastKnownFileType = sourcecode.swift; path = PanelSidebar.swift; sourceTree = "<group>"; };
		5BF08A509F2FFE9FEE779D39 /* MarkdownView.swift */ = {isa = PBXFileReference; lastKnownFileType = sourcecode.swift; path = MarkdownView.swift; sourceTree = "<group>"; };
		5DEA0EA2BAF153958FC236CB /* UsageTracker.swift */ = {isa = PBXFileReference; lastKnownFileType = sourcecode.swift; path = UsageTracker.swift; sourceTree = "<group>"; };
		5E94C815AAEDD8E48836C96E /* ChatStore.swift */ = {isa = PBXFileReference; lastKnownFileType = sourcecode.swift; path = ChatStore.swift; sourceTree = "<group>"; };
		602B51DB006F185A0CC211BF /* MarkdownLint.swift */ = {isa = PBXFileReference; lastKnownFileType = sourcecode.swift; path = MarkdownLint.swift; sourceTree = "<group>"; };
		60907D7EC6CECAD09F3785C0 /* WorkItem.swift */ = {isa = PBXFileReference; lastKnownFileType = sourcecode.swift; path = WorkItem.swift; sourceTree = "<group>"; };
		619FF54E8FF017D104ECBFEF /* MailGrouping.swift */ = {isa = PBXFileReference; lastKnownFileType = sourcecode.swift; path = MailGrouping.swift; sourceTree = "<group>"; };
		6217DF1DFAFCB0989F9FC1EC /* houmaoTests.xctest */ = {isa = PBXFileReference; explicitFileType = wrapper.cfbundle; includeInIndex = 0; path = houmaoTests.xctest; sourceTree = BUILT_PRODUCTS_DIR; };
		6357EAD0D83E7206BE088B1E /* MermaidView.swift */ = {isa = PBXFileReference; lastKnownFileType = sourcecode.swift; path = MermaidView.swift; sourceTree = "<group>"; };
		652BE0188586A29CB70DCE38 /* GoalsViewModel.swift */ = {isa = PBXFileReference; lastKnownFileType = sourcecode.swift; path = GoalsViewModel.swift; sourceTree = "<group>"; };
		6B798C8A57348F83A7D69021 /* WorkLogStore.swift */ = {isa = PBXFileReference; lastKnownFileType = sourcecode.swift; path = WorkLogStore.swift; sourceTree = "<group>"; };
		6CCB93719A995CD96D314473 /* LoopbackAuthReceiver.swift */ = {isa = PBXFileReference; lastKnownFileType = sourcecode.swift; path = LoopbackAuthReceiver.swift; sourceTree = "<group>"; };
		6E00EBE3D61489D710C85775 /* GlobalHotKeyManager.swift */ = {isa = PBXFileReference; lastKnownFileType = sourcecode.swift; path = GlobalHotKeyManager.swift; sourceTree = "<group>"; };
		75259439A55CE9D1A9179843 /* SettingsView.swift */ = {isa = PBXFileReference; lastKnownFileType = sourcecode.swift; path = SettingsView.swift; sourceTree = "<group>"; };
		75656A1E45DD56E213B78B7A /* DoView.swift */ = {isa = PBXFileReference; lastKnownFileType = sourcecode.swift; path = DoView.swift; sourceTree = "<group>"; };
		76274726958AE5C36B6AC0B5 /* Attachment+AppKit.swift */ = {isa = PBXFileReference; lastKnownFileType = sourcecode.swift; path = "Attachment+AppKit.swift"; sourceTree = "<group>"; };
		76B07C000D46A18AC74908A8 /* CommandPalette.swift */ = {isa = PBXFileReference; lastKnownFileType = sourcecode.swift; path = CommandPalette.swift; sourceTree = "<group>"; };
		7912DE04AE475850CC102B7A /* WorkLogViewModel.swift */ = {isa = PBXFileReference; lastKnownFileType = sourcecode.swift; path = WorkLogViewModel.swift; sourceTree = "<group>"; };
		8482DAE51378989DE1B24152 /* houmaoUITestsLaunchTests.swift */ = {isa = PBXFileReference; lastKnownFileType = sourcecode.swift; path = houmaoUITestsLaunchTests.swift; sourceTree = "<group>"; };
		862143F6F82F5ABC375AD59C /* IssueAnalyzer.swift */ = {isa = PBXFileReference; lastKnownFileType = sourcecode.swift; path = IssueAnalyzer.swift; sourceTree = "<group>"; };
		866890AB80CBCD0C2B1C2E96 /* ConversationStore.swift */ = {isa = PBXFileReference; lastKnownFileType = sourcecode.swift; path = ConversationStore.swift; sourceTree = "<group>"; };
		8AB2D08692D6137AFEE6BF4A /* houmao.app */ = {isa = PBXFileReference; explicitFileType = wrapper.application; includeInIndex = 0; path = houmao.app; sourceTree = BUILT_PRODUCTS_DIR; };
		8B81BFC7008DECB0341CF0F7 /* GoogleAuthTests.swift */ = {isa = PBXFileReference; lastKnownFileType = sourcecode.swift; path = GoogleAuthTests.swift; sourceTree = "<group>"; };
		8EA7A5A5E39D28783CD88CEA /* houmaoTests.swift */ = {isa = PBXFileReference; lastKnownFileType = sourcecode.swift; path = houmaoTests.swift; sourceTree = "<group>"; };
		8FE2BE89827B69CB8810ED90 /* PKCE.swift */ = {isa = PBXFileReference; lastKnownFileType = sourcecode.swift; path = PKCE.swift; sourceTree = "<group>"; };
		9014401F2CE5CEA21AF65771 /* houmaoUITests.xctest */ = {isa = PBXFileReference; explicitFileType = wrapper.cfbundle; includeInIndex = 0; path = houmaoUITests.xctest; sourceTree = BUILT_PRODUCTS_DIR; };
		9322360092582E2D57E0A8EA /* GoogleDriveClient.swift */ = {isa = PBXFileReference; lastKnownFileType = sourcecode.swift; path = GoogleDriveClient.swift; sourceTree = "<group>"; };
		9702C3846547B34B062749E2 /* IssueView.swift */ = {isa = PBXFileReference; lastKnownFileType = sourcecode.swift; path = IssueView.swift; sourceTree = "<group>"; };
		97C554DC6180330C830A49B6 /* Message.swift */ = {isa = PBXFileReference; lastKnownFileType = sourcecode.swift; path = Message.swift; sourceTree = "<group>"; };
		9AA706AC6792CC4A0F598242 /* DriveSyncService.swift */ = {isa = PBXFileReference; lastKnownFileType = sourcecode.swift; path = DriveSyncService.swift; sourceTree = "<group>"; };
		9F3002824A3E520F4E31E75A /* GoogleAuthProvider.swift */ = {isa = PBXFileReference; lastKnownFileType = sourcecode.swift; path = GoogleAuthProvider.swift; sourceTree = "<group>"; };
		A48DDBAD78C16C718439A964 /* DoModel.swift */ = {isa = PBXFileReference; lastKnownFileType = sourcecode.swift; path = DoModel.swift; sourceTree = "<group>"; };
		AA4D01DBF553FC3A1D20709F /* MailMessage.swift */ = {isa = PBXFileReference; lastKnownFileType = sourcecode.swift; path = MailMessage.swift; sourceTree = "<group>"; };
		AA74CC29AAEB1E1C6F8B8E3C /* IssueViewModel.swift */ = {isa = PBXFileReference; lastKnownFileType = sourcecode.swift; path = IssueViewModel.swift; sourceTree = "<group>"; };
		AC6A21B56C31A9618F79441D /* houmaoUITests.swift */ = {isa = PBXFileReference; lastKnownFileType = sourcecode.swift; path = houmaoUITests.swift; sourceTree = "<group>"; };
		AE43C962577EBC6B576F3AC0 /* GoalStore.swift */ = {isa = PBXFileReference; lastKnownFileType = sourcecode.swift; path = GoalStore.swift; sourceTree = "<group>"; };
		AF770DEDDD5BFF9DB5667622 /* DoStore.swift */ = {isa = PBXFileReference; lastKnownFileType = sourcecode.swift; path = DoStore.swift; sourceTree = "<group>"; };
		AFD4E59ACAF55DEB8DDCF684 /* MarkdownEditorView.swift */ = {isa = PBXFileReference; lastKnownFileType = sourcecode.swift; path = MarkdownEditorView.swift; sourceTree = "<group>"; };
		B1912DF7CB1638390B2B527F /* WorkLogProvider.swift */ = {isa = PBXFileReference; lastKnownFileType = sourcecode.swift; path = WorkLogProvider.swift; sourceTree = "<group>"; };
		B6FBBF210405FD2A93700550 /* mermaid.min.js */ = {isa = PBXFileReference; lastKnownFileType = sourcecode.javascript; path = mermaid.min.js; sourceTree = "<group>"; };
		B7446DD4F007CB7535C445E4 /* DoStoreTests.swift */ = {isa = PBXFileReference; lastKnownFileType = sourcecode.swift; path = DoStoreTests.swift; sourceTree = "<group>"; };
		B7AB34ACA01BB70F852F37F3 /* MarkdownParserTests.swift */ = {isa = PBXFileReference; lastKnownFileType = sourcecode.swift; path = MarkdownParserTests.swift; sourceTree = "<group>"; };
		B8673CCE45ECC5F8DD4FB2F8 /* AppSettings.swift */ = {isa = PBXFileReference; lastKnownFileType = sourcecode.swift; path = AppSettings.swift; sourceTree = "<group>"; };
		C0BC36FC5E119006A965686E /* Assets.xcassets */ = {isa = PBXFileReference; lastKnownFileType = folder.assetcatalog; path = Assets.xcassets; sourceTree = "<group>"; };
		C8A9D4BE88C04C4910EDB300 /* Issue.swift */ = {isa = PBXFileReference; lastKnownFileType = sourcecode.swift; path = Issue.swift; sourceTree = "<group>"; };
		CDFCF205D358DA2ADF1105B2 /* TextClustering.swift */ = {isa = PBXFileReference; lastKnownFileType = sourcecode.swift; path = TextClustering.swift; sourceTree = "<group>"; };
		CF1E2ACA41DCEED508C09B0F /* IMETextField.swift */ = {isa = PBXFileReference; lastKnownFileType = sourcecode.swift; path = IMETextField.swift; sourceTree = "<group>"; };
		D0ACFAC2F8E8BEF91D60F434 /* Theme.swift */ = {isa = PBXFileReference; lastKnownFileType = sourcecode.swift; path = Theme.swift; sourceTree = "<group>"; };
		D183538AC21F5B9616795BCB /* GoalStoreTests.swift */ = {isa = PBXFileReference; lastKnownFileType = sourcecode.swift; path = GoalStoreTests.swift; sourceTree = "<group>"; };
		D19148038642034373C73C39 /* ChatStoreTests.swift */ = {isa = PBXFileReference; lastKnownFileType = sourcecode.swift; path = ChatStoreTests.swift; sourceTree = "<group>"; };
		D1E1C6995CBCF2A576AFAF5A /* PRView.swift */ = {isa = PBXFileReference; lastKnownFileType = sourcecode.swift; path = PRView.swift; sourceTree = "<group>"; };
		D294FA5BEF072740B48A5A69 /* MailProvider.swift */ = {isa = PBXFileReference; lastKnownFileType = sourcecode.swift; path = MailProvider.swift; sourceTree = "<group>"; };
		D4454B959A3E129D68B60A48 /* GoogleOAuth.swift */ = {isa = PBXFileReference; lastKnownFileType = sourcecode.swift; path = GoogleOAuth.swift; sourceTree = "<group>"; };
		D9455B3DDA0038D2AEFD01BA /* PullRequestProvider.swift */ = {isa = PBXFileReference; lastKnownFileType = sourcecode.swift; path = PullRequestProvider.swift; sourceTree = "<group>"; };
		E24D96DD2B2427B4C062FF2B /* PRViewModel.swift */ = {isa = PBXFileReference; lastKnownFileType = sourcecode.swift; path = PRViewModel.swift; sourceTree = "<group>"; };
		E57CA19726AD9EFFBBB555B3 /* Conversation.swift */ = {isa = PBXFileReference; lastKnownFileType = sourcecode.swift; path = Conversation.swift; sourceTree = "<group>"; };
		E99D44385EF33EF2316E4ADA /* KeychainStore.swift */ = {isa = PBXFileReference; lastKnownFileType = sourcecode.swift; path = KeychainStore.swift; sourceTree = "<group>"; };
		ECEC7E214884ADE991FEBB63 /* PullRequest.swift */ = {isa = PBXFileReference; lastKnownFileType = sourcecode.swift; path = PullRequest.swift; sourceTree = "<group>"; };
		F374AC073507B5ED713A7A0B /* GoalsView.swift */ = {isa = PBXFileReference; lastKnownFileType = sourcecode.swift; path = GoalsView.swift; sourceTree = "<group>"; };
		F5907ACC57D6A9F607140EA2 /* GoalDoc.swift */ = {isa = PBXFileReference; lastKnownFileType = sourcecode.swift; path = GoalDoc.swift; sourceTree = "<group>"; };
		F598AC90045D4ECF6A978FEF /* HistoryStore.swift */ = {isa = PBXFileReference; lastKnownFileType = sourcecode.swift; path = HistoryStore.swift; sourceTree = "<group>"; };
		FD58C3AFB563B123BF6B396A /* MainView.swift */ = {isa = PBXFileReference; lastKnownFileType = sourcecode.swift; path = MainView.swift; sourceTree = "<group>"; };
/* End PBXFileReference section */

/* Begin PBXGroup section */
		05392B653CD5AD88A5021B8E /* GitHub */ = {
			isa = PBXGroup;
			children = (
				16E13EA63341BD90F98E4DB3 /* GitHubCLI.swift */,
				C8A9D4BE88C04C4910EDB300 /* Issue.swift */,
				51D91A7B9B3204F8D1766FB0 /* IssueProvider.swift */,
				ECEC7E214884ADE991FEBB63 /* PullRequest.swift */,
				D9455B3DDA0038D2AEFD01BA /* PullRequestProvider.swift */,
			);
			path = GitHub;
			sourceTree = "<group>";
		};
		3441AFF45DCD74D4CC31DF63 /* Auth */ = {
			isa = PBXGroup;
			children = (
				9F3002824A3E520F4E31E75A /* GoogleAuthProvider.swift */,
				8FE2BE89827B69CB8810ED90 /* PKCE.swift */,
			);
			path = Auth;
			sourceTree = "<group>";
		};
		3EEFF6E530A72EDE07E33109 /* Pipeline */ = {
			isa = PBXGroup;
			children = (
				4D4A5F4FE9A82E9E6B84B1D1 /* BuiltinActions.swift */,
				3484CCD82163FE37FE0A3078 /* NoteWriting.swift */,
				2A267C3C5EF1066D16826CA8 /* Pipeline.swift */,
				304C34344F48BD99E3B1E19F /* PipelineAction.swift */,
				4A2F991A07308DE37AEDB329 /* PipelineParser.swift */,
				26A46DDBD2FAFB7BCD7D2052 /* PipelineRunner.swift */,
			);
			path = Pipeline;
			sourceTree = "<group>";
		};
		439ACDEF0A310E1A498FB65F /* Cloud */ = {
			isa = PBXGroup;
			children = (
				9322360092582E2D57E0A8EA /* GoogleDriveClient.swift */,
			);
			path = Cloud;
			sourceTree = "<group>";
		};
		444E935E4C485CFCE6BB81BF /* Products */ = {
			isa = PBXGroup;
			children = (
				8AB2D08692D6137AFEE6BF4A /* houmao.app */,
				6217DF1DFAFCB0989F9FC1EC /* houmaoTests.xctest */,
				9014401F2CE5CEA21AF65771 /* houmaoUITests.xctest */,
			);
			name = Products;
			sourceTree = "<group>";
		};
		660CBF3C5C106B8B483E6A5D /* Core */ = {
			isa = PBXGroup;
			children = (
				08126500EB5DAEF6E3EA0261 /* AiTxtClient.swift */,
				B8673CCE45ECC5F8DD4FB2F8 /* AppSettings.swift */,
				16A32AF2D3C92FD4642119D6 /* Attachment.swift */,
				0F4B902B3D042810487E0B2F /* CommandHistory.swift */,
				F598AC90045D4ECF6A978FEF /* HistoryStore.swift */,
				28F2FF595A63FBBFCE32E347 /* HistoryViewModel.swift */,
				E99D44385EF33EF2316E4ADA /* KeychainStore.swift */,
				D0ACFAC2F8E8BEF91D60F434 /* Theme.swift */,
				3441AFF45DCD74D4CC31DF63 /* Auth */,
				A7F084AFFA2F5E2A0E6A91C0 /* Chat */,
				439ACDEF0A310E1A498FB65F /* Cloud */,
				E6094ECBBBC71EBF383ADF74 /* Clustering */,
				B8989D279D6141FB8660A67B /* Do */,
				05392B653CD5AD88A5021B8E /* GitHub */,
				6F54EB7FA777BA0D91C56E6B /* Goals */,
				6DB684EBD2F5289AA6367718 /* Mail */,
				D692112BB8565F622B5BE3B9 /* Markdown */,
				3EEFF6E530A72EDE07E33109 /* Pipeline */,
				C64A14DCBFE9670CDA77F6ED /* WorkLog */,
			);
			path = Core;
			sourceTree = "<group>";
		};
		6DB684EBD2F5289AA6367718 /* Mail */ = {
			isa = PBXGroup;
			children = (
				1D9F37F0171267C0C74A5BE5 /* GmailProvider.swift */,
				619FF54E8FF017D104ECBFEF /* MailGrouping.swift */,
				AA4D01DBF553FC3A1D20709F /* MailMessage.swift */,
				D294FA5BEF072740B48A5A69 /* MailProvider.swift */,
			);
			path = Mail;
			sourceTree = "<group>";
		};
		6F54EB7FA777BA0D91C56E6B /* Goals */ = {
			isa = PBXGroup;
			children = (
				F5907ACC57D6A9F607140EA2 /* GoalDoc.swift */,
				AE43C962577EBC6B576F3AC0 /* GoalStore.swift */,
			);
			path = Goals;
			sourceTree = "<group>";
		};
		7281214FAC24114FFF5CD1DB = {
			isa = PBXGroup;
			children = (
				FB272FED30A621D6D038D168 /* houmao */,
				813DBC004100C8BF5957B8CD /* houmaoTests */,
				E38EE195051B6A0E81163D80 /* houmaoUITests */,
				444E935E4C485CFCE6BB81BF /* Products */,
			);
			sourceTree = "<group>";
		};
		813DBC004100C8BF5957B8CD /* houmaoTests */ = {
			isa = PBXGroup;
			children = (
				03D9C94B2FABF2B254493D98 /* ChatModeTests.swift */,
				D19148038642034373C73C39 /* ChatStoreTests.swift */,
				B7446DD4F007CB7535C445E4 /* DoStoreTests.swift */,
				D183538AC21F5B9616795BCB /* GoalStoreTests.swift */,
				8B81BFC7008DECB0341CF0F7 /* GoogleAuthTests.swift */,
				8EA7A5A5E39D28783CD88CEA /* houmaoTests.swift */,
				0AE08487E764F95B66219AEB /* MailGroupingTests.swift */,
				01BEA31CD84A4FEC595CF0E0 /* MarkdownLintTests.swift */,
				B7AB34ACA01BB70F852F37F3 /* MarkdownParserTests.swift */,
				1463CB9916AB39A21F23ECAA /* PipelineParserTests.swift */,
				3F0C55C88E57A6F6BC2D2641 /* TextClusteringTests.swift */,
				1CCAD54AD48B9B7247363A9E /* WorkLogStoreTests.swift */,
			);
			path = houmaoTests;
			sourceTree = "<group>";
		};
		A7F084AFFA2F5E2A0E6A91C0 /* Chat */ = {
			isa = PBXGroup;
			children = (
				5E94C815AAEDD8E48836C96E /* ChatStore.swift */,
				E57CA19726AD9EFFBBB555B3 /* Conversation.swift */,
				866890AB80CBCD0C2B1C2E96 /* ConversationStore.swift */,
				97C554DC6180330C830A49B6 /* Message.swift */,
			);
			path = Chat;
			sourceTree = "<group>";
		};
		B8989D279D6141FB8660A67B /* Do */ = {
			isa = PBXGroup;
			children = (
				A48DDBAD78C16C718439A964 /* DoModel.swift */,
				AF770DEDDD5BFF9DB5667622 /* DoStore.swift */,
			);
			path = Do;
			sourceTree = "<group>";
		};
		C64A14DCBFE9670CDA77F6ED /* WorkLog */ = {
			isa = PBXGroup;
			children = (
				60907D7EC6CECAD09F3785C0 /* WorkItem.swift */,
				B1912DF7CB1638390B2B527F /* WorkLogProvider.swift */,
				6B798C8A57348F83A7D69021 /* WorkLogStore.swift */,
			);
			path = WorkLog;
			sourceTree = "<group>";
		};
		D692112BB8565F622B5BE3B9 /* Markdown */ = {
			isa = PBXGroup;
			children = (
				602B51DB006F185A0CC211BF /* MarkdownLint.swift */,
			);
			path = Markdown;
			sourceTree = "<group>";
		};
		E38EE195051B6A0E81163D80 /* houmaoUITests */ = {
			isa = PBXGroup;
			children = (
				AC6A21B56C31A9618F79441D /* houmaoUITests.swift */,
				8482DAE51378989DE1B24152 /* houmaoUITestsLaunchTests.swift */,
			);
			path = houmaoUITests;
			sourceTree = "<group>";
		};
		E6094ECBBBC71EBF383ADF74 /* Clustering */ = {
			isa = PBXGroup;
			children = (
				CDFCF205D358DA2ADF1105B2 /* TextClustering.swift */,
			);
			path = Clustering;
			sourceTree = "<group>";
		};
		F7AB8B55143DACA14AA71950 /* Resources */ = {
			isa = PBXGroup;
			children = (
				B6FBBF210405FD2A93700550 /* mermaid.min.js */,
			);
			path = Resources;
			sourceTree = "<group>";
		};
		FB272FED30A621D6D038D168 /* houmao */ = {
			isa = PBXGroup;
			children = (
				C0BC36FC5E119006A965686E /* Assets.xcassets */,
				76274726958AE5C36B6AC0B5 /* Attachment+AppKit.swift */,
				3743A8B5A8F2BE869F0343E5 /* ChatView.swift */,
				76B07C000D46A18AC74908A8 /* CommandPalette.swift */,
				75656A1E45DD56E213B78B7A /* DoView.swift */,
				3DDB602B846EE84FE42E451E /* DoViewModel.swift */,
				9AA706AC6792CC4A0F598242 /* DriveSyncService.swift */,
				6E00EBE3D61489D710C85775 /* GlobalHotKeyManager.swift */,
				F374AC073507B5ED713A7A0B /* GoalsView.swift */,
				652BE0188586A29CB70DCE38 /* GoalsViewModel.swift */,
				D4454B959A3E129D68B60A48 /* GoogleOAuth.swift */,
				2C9AEEE5D5E88D810CC2F4E7 /* houmaoApp.swift */,
				CF1E2ACA41DCEED508C09B0F /* IMETextField.swift */,
				862143F6F82F5ABC375AD59C /* IssueAnalyzer.swift */,
				9702C3846547B34B062749E2 /* IssueView.swift */,
				AA74CC29AAEB1E1C6F8B8E3C /* IssueViewModel.swift */,
				6CCB93719A995CD96D314473 /* LoopbackAuthReceiver.swift */,
				3A898812C4E745A5A78DA3D1 /* MailView.swift */,
				0DF08D164A5D2EA8C9127D54 /* MailViewModel.swift */,
				FD58C3AFB563B123BF6B396A /* MainView.swift */,
				31DADFF4D45E07705B344E48 /* MainViewModel.swift */,
				AFD4E59ACAF55DEB8DDCF684 /* MarkdownEditorView.swift */,
				5BF08A509F2FFE9FEE779D39 /* MarkdownView.swift */,
				6357EAD0D83E7206BE088B1E /* MermaidView.swift */,
				3EAA739E5D9930D17E55376C /* MiddleClickPasteManager.swift */,
				584BA80A94447E11468961FD /* PanelSidebar.swift */,
				D1E1C6995CBCF2A576AFAF5A /* PRView.swift */,
				E24D96DD2B2427B4C062FF2B /* PRViewModel.swift */,
				410FF4A6A10475DBEC89ECF4 /* SelectToCopyManager.swift */,
				75259439A55CE9D1A9179843 /* SettingsView.swift */,
				5DEA0EA2BAF153958FC236CB /* UsageTracker.swift */,
				212A554E2399C022A057E3D4 /* WorkLogView.swift */,
				7912DE04AE475850CC102B7A /* WorkLogViewModel.swift */,
				660CBF3C5C106B8B483E6A5D /* Core */,
				F7AB8B55143DACA14AA71950 /* Resources */,
			);
			path = houmao;
			sourceTree = "<group>";
		};
/* End PBXGroup section */

/* Begin PBXNativeTarget section */
		1E215E7B22EB14CE04210641 /* houmao */ = {
			isa = PBXNativeTarget;
			buildConfigurationList = A7188AABFB78EA337442E08A /* Build configuration list for PBXNativeTarget "houmao" */;
			buildPhases = (
				34A3038C48DA1230A4A0258F /* Sources */,
				EB204B05B2A5A04CEA75A44A /* Resources */,
			);
			buildRules = (
			);
			dependencies = (
			);
			name = houmao;
			packageProductDependencies = (
			);
			productName = houmao;
			productReference = 8AB2D08692D6137AFEE6BF4A /* houmao.app */;
			productType = "com.apple.product-type.application";
		};
		50A6B47D4C2D01A363AE53CE /* houmaoUITests */ = {
			isa = PBXNativeTarget;
			buildConfigurationList = 3812212679B27ED112D26EC8 /* Build configuration list for PBXNativeTarget "houmaoUITests" */;
			buildPhases = (
				417A3A4C160A2C3443F97589 /* Sources */,
			);
			buildRules = (
			);
			dependencies = (
				64C36C282CC42B7554FCA72E /* PBXTargetDependency */,
			);
			name = houmaoUITests;
			packageProductDependencies = (
			);
			productName = houmaoUITests;
			productReference = 9014401F2CE5CEA21AF65771 /* houmaoUITests.xctest */;
			productType = "com.apple.product-type.bundle.ui-testing";
		};
		E712BC26775173C8070DE741 /* houmaoTests */ = {
			isa = PBXNativeTarget;
			buildConfigurationList = 525ED5614863F048119ED971 /* Build configuration list for PBXNativeTarget "houmaoTests" */;
			buildPhases = (
				C48F6934F91F3DA77A8FB56F /* Sources */,
			);
			buildRules = (
			);
			dependencies = (
				DDBDE9B352D02EDD80D357D0 /* PBXTargetDependency */,
			);
			name = houmaoTests;
			packageProductDependencies = (
			);
			productName = houmaoTests;
			productReference = 6217DF1DFAFCB0989F9FC1EC /* houmaoTests.xctest */;
			productType = "com.apple.product-type.bundle.unit-test";
		};
/* End PBXNativeTarget section */

/* Begin PBXProject section */
		EBE60E5A67FD6FB311327289 /* Project object */ = {
			isa = PBXProject;
			attributes = {
				BuildIndependentTargetsInParallel = YES;
				LastUpgradeCheck = 1430;
				TargetAttributes = {
					1E215E7B22EB14CE04210641 = {
						DevelopmentTeam = "";
					};
					50A6B47D4C2D01A363AE53CE = {
						TestTargetID = 1E215E7B22EB14CE04210641;
					};
				};
			};
			buildConfigurationList = 1CA4C505B8218E8374C6A493 /* Build configuration list for PBXProject "houmao" */;
			developmentRegion = en;
			hasScannedForEncodings = 0;
			knownRegions = (
				Base,
				en,
			);
			mainGroup = 7281214FAC24114FFF5CD1DB;
			minimizedProjectReferenceProxies = 1;
			preferredProjectObjectVersion = 77;
			productRefGroup = 444E935E4C485CFCE6BB81BF /* Products */;
			projectDirPath = "";
			projectRoot = "";
			targets = (
				1E215E7B22EB14CE04210641 /* houmao */,
				E712BC26775173C8070DE741 /* houmaoTests */,
				50A6B47D4C2D01A363AE53CE /* houmaoUITests */,
			);
		};
/* End PBXProject section */

/* Begin PBXResourcesBuildPhase section */
		EB204B05B2A5A04CEA75A44A /* Resources */ = {
			isa = PBXResourcesBuildPhase;
			buildActionMask = 2147483647;
			files = (
				39D57155CF6966C808689D94 /* Assets.xcassets in Resources */,
				7BCC7378EFB78D96135F32DD /* mermaid.min.js in Resources */,
			);
			runOnlyForDeploymentPostprocessing = 0;
		};
/* End PBXResourcesBuildPhase section */

/* Begin PBXSourcesBuildPhase section */
		34A3038C48DA1230A4A0258F /* Sources */ = {
			isa = PBXSourcesBuildPhase;
			buildActionMask = 2147483647;
			files = (
				4A4D01C514A8F3C4049B7401 /* AiTxtClient.swift in Sources */,
				19995B918BCCADB57F626B12 /* AppSettings.swift in Sources */,
				1825304B635CAA0C9E2D867F /* Attachment+AppKit.swift in Sources */,
				6C057AA5E9D3A3A9D7F9AFED /* Attachment.swift in Sources */,
				24DCBC6420DBD1C3035066D0 /* BuiltinActions.swift in Sources */,
				C3BA07A77644BACB8E21A081 /* ChatStore.swift in Sources */,
				146C38DC576E2EB632AA5CF0 /* ChatView.swift in Sources */,
				8E10C6E4356EA19E054822D8 /* CommandHistory.swift in Sources */,
				566374327CAD5963BE0CF28D /* CommandPalette.swift in Sources */,
				C37CC0717D7D7421F9FD869A /* Conversation.swift in Sources */,
				40F5C9585B7DA82FBF8FE31B /* ConversationStore.swift in Sources */,
				38FB8BE9EE5B9462670FCCB3 /* DoModel.swift in Sources */,
				E6307AAEE5E78BF7E137AF9D /* DoStore.swift in Sources */,
				E9B766D322AA9E214006F364 /* DoView.swift in Sources */,
				09CF7407F06F28202E487462 /* DoViewModel.swift in Sources */,
				45BB71A6A1FCC011DB16DCF3 /* DriveSyncService.swift in Sources */,
				FF55E3E733966FAFC6B86BA1 /* GitHubCLI.swift in Sources */,
				720B6BF62E68556D13CB61E0 /* GlobalHotKeyManager.swift in Sources */,
				D07C2B26D7B703F84593C50D /* GmailProvider.swift in Sources */,
				291064C93540929130EB50FF /* GoalDoc.swift in Sources */,
				1B90789F6315B158641657D1 /* GoalStore.swift in Sources */,
				53E52E2A56CCDEDAFEDCF4B6 /* GoalsView.swift in Sources */,
				83909B786E4D1134A3537B78 /* GoalsViewModel.swift in Sources */,
				DB3E772578359D1761A17CE5 /* GoogleAuthProvider.swift in Sources */,
				A3F3D323A860BB6F2F4B2DE7 /* GoogleDriveClient.swift in Sources */,
				223F3D73BAAFBEB978332DF7 /* GoogleOAuth.swift in Sources */,
				03EC79C73AD3CEA674FB1445 /* HistoryStore.swift in Sources */,
				86152D287A639E44D19E8D75 /* HistoryViewModel.swift in Sources */,
				9ECC92EB82D4341BB61401DA /* IMETextField.swift in Sources */,
				5A7AE58EBAE004BB530D8F11 /* Issue.swift in Sources */,
				8F1FEBBA064AF43072562A25 /* IssueAnalyzer.swift in Sources */,
				FD7555E3682E22A7DFE88344 /* IssueProvider.swift in Sources */,
				AECB395DA8A3BE73BAE85940 /* IssueView.swift in Sources */,
				C9D87A691B28302C40BF103A /* IssueViewModel.swift in Sources */,
				4DC903D4DC0CF422B37647D4 /* KeychainStore.swift in Sources */,
				D51E182E30B4A8A52AC8176D /* LoopbackAuthReceiver.swift in Sources */,
				DF5A8B48A7E21CC043964C40 /* MailGrouping.swift in Sources */,
				D33C6358E4575392165EF1F0 /* MailMessage.swift in Sources */,
				489DBD824B8D8BEA8C368FC3 /* MailProvider.swift in Sources */,
				6080F1F56A8D693403F8CA75 /* MailView.swift in Sources */,
				510D19CDB94F4643747B3C60 /* MailViewModel.swift in Sources */,
				F91C0061C677A89D66AD3817 /* MainView.swift in Sources */,
				9FDCD38EBDB4210CA731E6D8 /* MainViewModel.swift in Sources */,
				A2A78E52D199EBDB29AFCC07 /* MarkdownEditorView.swift in Sources */,
				F4445288DDD0A3A2ACA2CDC6 /* MarkdownLint.swift in Sources */,
				5A6C6C32968E7A922C953FA0 /* MarkdownView.swift in Sources */,
				D4A8EB492FDE1314B24B0502 /* MermaidView.swift in Sources */,
				F46213BE55659AC254D5DA13 /* Message.swift in Sources */,
				3C062D49A79C44E3423CB3EC /* MiddleClickPasteManager.swift in Sources */,
				E0508EFE430B2A031BE608FC /* NoteWriting.swift in Sources */,
				2307134B590D569C23CDA014 /* PKCE.swift in Sources */,
				E4F9996F92142CAD1E9E7639 /* PRView.swift in Sources */,
				883DAB948F62AD5BD468436D /* PRViewModel.swift in Sources */,
				14E6666F1D352CEAC9D0456E /* PanelSidebar.swift in Sources */,
				19C9F6D85879AF6FE6299FDA /* Pipeline.swift in Sources */,
				1BD52E52CE5AC31258FF66CD /* PipelineAction.swift in Sources */,
				3C37F1672D96FD7F9FC6D41C /* PipelineParser.swift in Sources */,
				A3C3D1FF66B9D838943E282F /* PipelineRunner.swift in Sources */,
				19525F5C6A412974C104EE6F /* PullRequest.swift in Sources */,
				467DB8A781549DF107ED7F84 /* PullRequestProvider.swift in Sources */,
				8C4AE05803D40E41CAC8831D /* SelectToCopyManager.swift in Sources */,
				CAE8880B5D80A8AC100228C2 /* SettingsView.swift in Sources */,
				DF8347BE6F6CD2E8416A4668 /* TextClustering.swift in Sources */,
				66AF29D4489C1F7D925C3279 /* Theme.swift in Sources */,
				66B77BCF21C91F327B06BB07 /* UsageTracker.swift in Sources */,
				10305D3A8566A8BB2471D2A4 /* WorkItem.swift in Sources */,
				5492E428FCF6FAD98F5554B8 /* WorkLogProvider.swift in Sources */,
				83F29FDF19F7A66C98656C38 /* WorkLogStore.swift in Sources */,
				067D3ECE0A69B3F33946194D /* WorkLogView.swift in Sources */,
				D37FE5894F41C5554A23FBB9 /* WorkLogViewModel.swift in Sources */,
				43269FE26BD3EC1A4D306903 /* houmaoApp.swift in Sources */,
			);
			runOnlyForDeploymentPostprocessing = 0;
		};
		417A3A4C160A2C3443F97589 /* Sources */ = {
			isa = PBXSourcesBuildPhase;
			buildActionMask = 2147483647;
			files = (
				F796883257E05BF2207103FE /* houmaoUITests.swift in Sources */,
				D23123A0AE23E2F18E0D45A1 /* houmaoUITestsLaunchTests.swift in Sources */,
			);
			runOnlyForDeploymentPostprocessing = 0;
		};
		C48F6934F91F3DA77A8FB56F /* Sources */ = {
			isa = PBXSourcesBuildPhase;
			buildActionMask = 2147483647;
			files = (
				FABDF015DB6FD14520C41E4F /* ChatModeTests.swift in Sources */,
				D5E3519D846F8C01540F5659 /* ChatStoreTests.swift in Sources */,
				BBC8AD771EC5E1307BD9ADE8 /* DoStoreTests.swift in Sources */,
				5808D1A4CE77A91F5B40E3FA /* GoalStoreTests.swift in Sources */,
				48548AA7258DA25481EC0C04 /* GoogleAuthTests.swift in Sources */,
				7E06D06B246B6D758C185C38 /* MailGroupingTests.swift in Sources */,
				216ED3F039A732943119F1B8 /* MarkdownLintTests.swift in Sources */,
				E1541F22D20877460D696EB9 /* MarkdownParserTests.swift in Sources */,
				67770692576258B01B0A7366 /* PipelineParserTests.swift in Sources */,
				EF957138A8BB21781964CC02 /* TextClusteringTests.swift in Sources */,
				90F435AAD65A1A6EFE4AE797 /* WorkLogStoreTests.swift in Sources */,
				51B22447BCA96ED141D2470F /* houmaoTests.swift in Sources */,
			);
			runOnlyForDeploymentPostprocessing = 0;
		};
/* End PBXSourcesBuildPhase section */

/* Begin PBXTargetDependency section */
		64C36C282CC42B7554FCA72E /* PBXTargetDependency */ = {
			isa = PBXTargetDependency;
			target = 1E215E7B22EB14CE04210641 /* houmao */;
			targetProxy = 49AA07C1DB5C22AEEE8070CB /* PBXContainerItemProxy */;
		};
		DDBDE9B352D02EDD80D357D0 /* PBXTargetDependency */ = {
			isa = PBXTargetDependency;
			target = 1E215E7B22EB14CE04210641 /* houmao */;
			targetProxy = 2D4B532D496EB046C909EE78 /* PBXContainerItemProxy */;
		};
/* End PBXTargetDependency section */

/* Begin XCBuildConfiguration section */
		3BE545BBF55D8CA85122F790 /* Release */ = {
			isa = XCBuildConfiguration;
			buildSettings = {
				BUNDLE_LOADER = "$(TEST_HOST)";
				COMBINE_HIDPI_IMAGES = YES;
				GENERATE_INFOPLIST_FILE = YES;
				LD_RUNPATH_SEARCH_PATHS = (
					"$(inherited)",
					"@executable_path/../Frameworks",
					"@loader_path/../Frameworks",
				);
				MACOSX_DEPLOYMENT_TARGET = 26.0;
				PRODUCT_BUNDLE_IDENTIFIER = cn.com.houmao.houmaoTests;
				SDKROOT = macosx;
				TEST_HOST = "$(BUILT_PRODUCTS_DIR)/houmao.app/Contents/MacOS/houmao";
			};
			name = Release;
		};
		3EF92939C379A2E58E64A831 /* Release */ = {
			isa = XCBuildConfiguration;
			buildSettings = {
				ASSETCATALOG_COMPILER_APPICON_NAME = AppIcon;
				COMBINE_HIDPI_IMAGES = YES;
				DEVELOPMENT_TEAM = "";
				GENERATE_INFOPLIST_FILE = YES;
				LD_RUNPATH_SEARCH_PATHS = (
					"$(inherited)",
					"@executable_path/../Frameworks",
				);
				MACOSX_DEPLOYMENT_TARGET = 26.0;
				PRODUCT_BUNDLE_IDENTIFIER = cn.com.houmao.houmao;
				SDKROOT = macosx;
			};
			name = Release;
		};
		42D859BC6A710BBE14D910EE /* Debug */ = {
			isa = XCBuildConfiguration;
			buildSettings = {
				BUNDLE_LOADER = "$(TEST_HOST)";
				COMBINE_HIDPI_IMAGES = YES;
				GENERATE_INFOPLIST_FILE = YES;
				LD_RUNPATH_SEARCH_PATHS = (
					"$(inherited)",
					"@executable_path/Frameworks",
					"@loader_path/Frameworks",
				);
				MACOSX_DEPLOYMENT_TARGET = 26.0;
				PRODUCT_BUNDLE_IDENTIFIER = cn.com.houmao.houmaoUITests;
				SDKROOT = macosx;
				TEST_TARGET_NAME = houmao;
			};
			name = Debug;
		};
		503AA2A9E07BB791D8DBD95A /* Release */ = {
			isa = XCBuildConfiguration;
			buildSettings = {
				BUNDLE_LOADER = "$(TEST_HOST)";
				COMBINE_HIDPI_IMAGES = YES;
				GENERATE_INFOPLIST_FILE = YES;
				LD_RUNPATH_SEARCH_PATHS = (
					"$(inherited)",
					"@executable_path/Frameworks",
					"@loader_path/Frameworks",
				);
				MACOSX_DEPLOYMENT_TARGET = 26.0;
				PRODUCT_BUNDLE_IDENTIFIER = cn.com.houmao.houmaoUITests;
				SDKROOT = macosx;
				TEST_TARGET_NAME = houmao;
			};
			name = Release;
		};
		A1A791C837D142140108CDA1 /* Debug */ = {
			isa = XCBuildConfiguration;
			buildSettings = {
				ALWAYS_SEARCH_USER_PATHS = NO;
				CLANG_ANALYZER_NONNULL = YES;
				CLANG_ANALYZER_NUMBER_OBJECT_CONVERSION = YES_AGGRESSIVE;
				CLANG_CXX_LANGUAGE_STANDARD = "gnu++14";
				CLANG_CXX_LIBRARY = "libc++";
				CLANG_ENABLE_MODULES = YES;
				CLANG_ENABLE_OBJC_ARC = YES;
				CLANG_ENABLE_OBJC_WEAK = YES;
				CLANG_WARN_BLOCK_CAPTURE_AUTORELEASING = YES;
				CLANG_WARN_BOOL_CONVERSION = YES;
				CLANG_WARN_COMMA = YES;
				CLANG_WARN_CONSTANT_CONVERSION = YES;
				CLANG_WARN_DEPRECATED_OBJC_IMPLEMENTATIONS = YES;
				CLANG_WARN_DIRECT_OBJC_ISA_USAGE = YES_ERROR;
				CLANG_WARN_DOCUMENTATION_COMMENTS = YES;
				CLANG_WARN_EMPTY_BODY = YES;
				CLANG_WARN_ENUM_CONVERSION = YES;
				CLANG_WARN_INFINITE_RECURSION = YES;
				CLANG_WARN_INT_CONVERSION = YES;
				CLANG_WARN_NON_LITERAL_NULL_CONVERSION = YES;
				CLANG_WARN_OBJC_IMPLICIT_RETAIN_SELF = YES;
				CLANG_WARN_OBJC_LITERAL_CONVERSION = YES;
				CLANG_WARN_OBJC_ROOT_CLASS = YES_ERROR;
				CLANG_WARN_QUOTED_INCLUDE_IN_FRAMEWORK_HEADER = YES;
				CLANG_WARN_RANGE_LOOP_ANALYSIS = YES;
				CLANG_WARN_STRICT_PROTOTYPES = YES;
				CLANG_WARN_SUSPICIOUS_MOVE = YES;
				CLANG_WARN_UNGUARDED_AVAILABILITY = YES_AGGRESSIVE;
				CLANG_WARN_UNREACHABLE_CODE = YES;
				CLANG_WARN__DUPLICATE_METHOD_MATCH = YES;
				COPY_PHASE_STRIP = NO;
				DEBUG_INFORMATION_FORMAT = dwarf;
				ENABLE_STRICT_OBJC_MSGSEND = YES;
				ENABLE_TESTABILITY = YES;
				GCC_C_LANGUAGE_STANDARD = gnu11;
				GCC_DYNAMIC_NO_PIC = NO;
				GCC_NO_COMMON_BLOCKS = YES;
				GCC_OPTIMIZATION_LEVEL = 0;
				GCC_PREPROCESSOR_DEFINITIONS = (
					"$(inherited)",
					"DEBUG=1",
				);
				GCC_WARN_64_TO_32_BIT_CONVERSION = YES;
				GCC_WARN_ABOUT_RETURN_TYPE = YES_ERROR;
				GCC_WARN_UNDECLARED_SELECTOR = YES;
				GCC_WARN_UNINITIALIZED_AUTOS = YES_AGGRESSIVE;
				GCC_WARN_UNUSED_FUNCTION = YES;
				GCC_WARN_UNUSED_VARIABLE = YES;
				MTL_ENABLE_DEBUG_INFO = INCLUDE_SOURCE;
				MTL_FAST_MATH = YES;
				ONLY_ACTIVE_ARCH = YES;
				PRODUCT_NAME = "$(TARGET_NAME)";
				SDKROOT = macosx;
				SWIFT_ACTIVE_COMPILATION_CONDITIONS = DEBUG;
				SWIFT_OPTIMIZATION_LEVEL = "-Onone";
				SWIFT_VERSION = 5.0;
			};
			name = Debug;
		};
		B38FB54B762609D6B2F98867 /* Debug */ = {
			isa = XCBuildConfiguration;
			buildSettings = {
				ASSETCATALOG_COMPILER_APPICON_NAME = AppIcon;
				COMBINE_HIDPI_IMAGES = YES;
				DEVELOPMENT_TEAM = "";
				GENERATE_INFOPLIST_FILE = YES;
				LD_RUNPATH_SEARCH_PATHS = (
					"$(inherited)",
					"@executable_path/../Frameworks",
				);
				MACOSX_DEPLOYMENT_TARGET = 26.0;
				PRODUCT_BUNDLE_IDENTIFIER = cn.com.houmao.houmao;
				SDKROOT = macosx;
			};
			name = Debug;
		};
		C64980552154B10CB110A1F6 /* Release */ = {
			isa = XCBuildConfiguration;
			buildSettings = {
				ALWAYS_SEARCH_USER_PATHS = NO;
				CLANG_ANALYZER_NONNULL = YES;
				CLANG_ANALYZER_NUMBER_OBJECT_CONVERSION = YES_AGGRESSIVE;
				CLANG_CXX_LANGUAGE_STANDARD = "gnu++14";
				CLANG_CXX_LIBRARY = "libc++";
				CLANG_ENABLE_MODULES = YES;
				CLANG_ENABLE_OBJC_ARC = YES;
				CLANG_ENABLE_OBJC_WEAK = YES;
				CLANG_WARN_BLOCK_CAPTURE_AUTORELEASING = YES;
				CLANG_WARN_BOOL_CONVERSION = YES;
				CLANG_WARN_COMMA = YES;
				CLANG_WARN_CONSTANT_CONVERSION = YES;
				CLANG_WARN_DEPRECATED_OBJC_IMPLEMENTATIONS = YES;
				CLANG_WARN_DIRECT_OBJC_ISA_USAGE = YES_ERROR;
				CLANG_WARN_DOCUMENTATION_COMMENTS = YES;
				CLANG_WARN_EMPTY_BODY = YES;
				CLANG_WARN_ENUM_CONVERSION = YES;
				CLANG_WARN_INFINITE_RECURSION = YES;
				CLANG_WARN_INT_CONVERSION = YES;
				CLANG_WARN_NON_LITERAL_NULL_CONVERSION = YES;
				CLANG_WARN_OBJC_IMPLICIT_RETAIN_SELF = YES;
				CLANG_WARN_OBJC_LITERAL_CONVERSION = YES;
				CLANG_WARN_OBJC_ROOT_CLASS = YES_ERROR;
				CLANG_WARN_QUOTED_INCLUDE_IN_FRAMEWORK_HEADER = YES;
				CLANG_WARN_RANGE_LOOP_ANALYSIS = YES;
				CLANG_WARN_STRICT_PROTOTYPES = YES;
				CLANG_WARN_SUSPICIOUS_MOVE = YES;
				CLANG_WARN_UNGUARDED_AVAILABILITY = YES_AGGRESSIVE;
				CLANG_WARN_UNREACHABLE_CODE = YES;
				CLANG_WARN__DUPLICATE_METHOD_MATCH = YES;
				COPY_PHASE_STRIP = NO;
				DEBUG_INFORMATION_FORMAT = "dwarf-with-dsym";
				ENABLE_NS_ASSERTIONS = NO;
				ENABLE_STRICT_OBJC_MSGSEND = YES;
				GCC_C_LANGUAGE_STANDARD = gnu11;
				GCC_NO_COMMON_BLOCKS = YES;
				GCC_WARN_64_TO_32_BIT_CONVERSION = YES;
				GCC_WARN_ABOUT_RETURN_TYPE = YES_ERROR;
				GCC_WARN_UNDECLARED_SELECTOR = YES;
				GCC_WARN_UNINITIALIZED_AUTOS = YES_AGGRESSIVE;
				GCC_WARN_UNUSED_FUNCTION = YES;
				GCC_WARN_UNUSED_VARIABLE = YES;
				MTL_ENABLE_DEBUG_INFO = NO;
				MTL_FAST_MATH = YES;
				PRODUCT_NAME = "$(TARGET_NAME)";
				SDKROOT = macosx;
				SWIFT_COMPILATION_MODE = wholemodule;
				SWIFT_OPTIMIZATION_LEVEL = "-O";
				SWIFT_VERSION = 5.0;
			};
			name = Release;
		};
		C97E74FB4E7A04BE226406B9 /* Debug */ = {
			isa = XCBuildConfiguration;
			buildSettings = {
				BUNDLE_LOADER = "$(TEST_HOST)";
				COMBINE_HIDPI_IMAGES = YES;
				GENERATE_INFOPLIST_FILE = YES;
				LD_RUNPATH_SEARCH_PATHS = (
					"$(inherited)",
					"@executable_path/../Frameworks",
					"@loader_path/../Frameworks",
				);
				MACOSX_DEPLOYMENT_TARGET = 26.0;
				PRODUCT_BUNDLE_IDENTIFIER = cn.com.houmao.houmaoTests;
				SDKROOT = macosx;
				TEST_HOST = "$(BUILT_PRODUCTS_DIR)/houmao.app/Contents/MacOS/houmao";
			};
			name = Debug;
		};
/* End XCBuildConfiguration section */

/* Begin XCConfigurationList section */
		1CA4C505B8218E8374C6A493 /* Build configuration list for PBXProject "houmao" */ = {
			isa = XCConfigurationList;
			buildConfigurations = (
				A1A791C837D142140108CDA1 /* Debug */,
				C64980552154B10CB110A1F6 /* Release */,
			);
			defaultConfigurationIsVisible = 0;
			defaultConfigurationName = Debug;
		};
		3812212679B27ED112D26EC8 /* Build configuration list for PBXNativeTarget "houmaoUITests" */ = {
			isa = XCConfigurationList;
			buildConfigurations = (
				42D859BC6A710BBE14D910EE /* Debug */,
				503AA2A9E07BB791D8DBD95A /* Release */,
			);
			defaultConfigurationIsVisible = 0;
			defaultConfigurationName = Debug;
		};
		525ED5614863F048119ED971 /* Build configuration list for PBXNativeTarget "houmaoTests" */ = {
			isa = XCConfigurationList;
			buildConfigurations = (
				C97E74FB4E7A04BE226406B9 /* Debug */,
				3BE545BBF55D8CA85122F790 /* Release */,
			);
			defaultConfigurationIsVisible = 0;
			defaultConfigurationName = Debug;
		};
		A7188AABFB78EA337442E08A /* Build configuration list for PBXNativeTarget "houmao" */ = {
			isa = XCConfigurationList;
			buildConfigurations = (
				B38FB54B762609D6B2F98867 /* Debug */,
				3EF92939C379A2E58E64A831 /* Release */,
			);
			defaultConfigurationIsVisible = 0;
			defaultConfigurationName = Debug;
		};
/* End XCConfigurationList section */
	};
	rootObject = EBE60E5A67FD6FB311327289 /* Project object */;
}
